
Microsoft Visual Studio Solution File, Format Version 12.00
# Visual Studio Version 17
VisualStudioVersion = 17.14.36811.4
MinimumVisualStudioVersion = 10.0.40219.1
Project("{8BC9CEB8-8B4A-11D0-8D11-00A0C91BC942}") = "Application", "Application\Application.vcxproj", "{126DF224-1BF9-4EEE-A15B-D96E04E2689B}"
	ProjectSection(ProjectDependencies) = postProject
		{52FC3520-2EA2-4F88-A3CB-220FEB0E414F} = {52FC3520-2EA2-4F88-A3CB-220FEB0E414F}
		{654A0724-41F5-4F2F-AEAF-0E92467A2F54} = {654A0724-41F5-4F2F-AEAF-0E92467A2F54}
		{B76BD883-F2B7-4B2C-B718-F39E92F04D06} = {B76BD883-F2B7-4B2C-B718-F39E92F04D06}
		{C6AECB50-480D-4CC5-B79F-BF36AF038CE2} = {C6AECB50-480D-4CC5-B79F-BF36AF038CE2}
		{CA4F7AA6-289C-4AB9-9FA0-E697D4036447} = {CA4F7AA6-289C-4AB9-9FA0-E697D4036447}
		{EF14809A-C31B-43CC-8BD9-FBA77559C669} = {EF14809A-C31B-43CC-8BD9-FBA77559C669}
		{FA0959E2-A861-4E20-B82A-86E2853864E1} = {FA0959E2-A861-4E20-B82A-86E2853864E1}
	EndProjectSection
EndProject
Project("{8BC9CEB8-8B4A-11D0-8D11-00A0C91BC942}") = "Renderer", "Renderer\Renderer.vcxproj", "{654A0724-41F5-4F2F-AEAF-0E92467A2F54}"
	ProjectSection(ProjectDependencies) = postProject
		{C6AECB50-480D-4CC5-B79F-BF36AF038CE2} = {C6AECB50-480D-4CC5-B79F-BF36AF038CE2}
		{FA0959E2-A861-4E20-B82A-86E2853864E1} = {FA0959E2-A861-4E20-B82A-86E2853864E1}
	EndProjectSection
EndProject
Project("{8BC9CEB8-8B4A-11D0-8D11-00A0C91BC942}") = "Physics", "Physics\Physics.vcxproj", "{EF14809A-C31B-43CC-8BD9-FBA77559C669}"
	ProjectSection(ProjectDependencies) = postProject
		{C6AECB50-480D-4CC5-B79F-BF36AF038CE2} = {C6AECB50-480D-4CC5-B79F-BF36AF038CE2}
		{FA0959E2-A861-4E20-B82A-86E2853864E1} = {FA0959E2-A861-4E20-B82A-86E2853864E1}
	EndProjectSection
EndProject
Project("{8BC9CEB8-8B4A-11D0-8D11-00A0C91BC942}") = "Core", "Core\Core.vcxproj", "{FA0959E2-A861-4E20-B82A-86E2853864E1}"
EndProject
Project("{8BC9CEB8-8B4A-11D0-8D11-00A0C91BC942}") = "Engine", "Engine\Engine.vcxproj", "{C6AECB50-480D-4CC5-B79F-BF36AF038CE2}"
	ProjectSection(ProjectDependencies) = postProject
		{FA0959E2-A861-4E20-B82A-86E2853864E1} = {FA0959E2-A861-4E20-B82A-86E2853864E1}
	EndProjectSection
EndProject
Project("{8BC9CEB8-8B4A-11D0-8D11-00A0C91BC942}") = "Interface", "Interface\Interface.vcxproj", "{62C14A71-8AE4-42B3-A07C-FD3D6660EF26}"
	ProjectSection(ProjectDependencies) = postProject
		{FA0959E2-A861-4E20-B82A-86E2853864E1} = {FA0959E2-A861-4E20-B82A-86E2853864E1}
	EndProjectSection
EndProject
Project("{8BC9CEB8-8B4A-11D0-8D11-00A0C91BC942}") = "Window", "Window\Window.vcxproj", "{CA4F7AA6-289C-4AB9-9FA0-E697D4036447}"
	ProjectSection(ProjectDependencies) = postProject
		{FA0959E2-A861-4E20-B82A-86E2853864E1} = {FA0959E2-A861-4E20-B82A-86E2853864E1}
	EndProjectSection
EndProject
Project("{8BC9CEB8-8B4A-11D0-8D11-00A0C91BC942}") = "Camera", "Camera\Camera.vcxproj", "{52FC3520-2EA2-4F88-A3CB-220FEB0E414F}"
	ProjectSection(ProjectDependencies) = postProject
		{FA0959E2-A861-4E20-B82A-86E2853864E1} = {FA0959E2-A861-4E20-B82A-86E2853864E1}
	EndProjectSection
EndProject
Project("{8BC9CEB8-8B4A-11D0-8D11-00A0C91BC942}") = "Game", "Game\Game.vcxproj", "{B76BD883-F2B7-4B2C-B718-F39E92F04D06}"
	ProjectSection(ProjectDependencies) = postProject
		{654A0724-41F5-4F2F-AEAF-0E92467A2F54} = {654A0724-41F5-4F2F-AEAF-0E92467A2F54}
		{C6AECB50-480D-4CC5-B79F-BF36AF038CE2} = {C6AECB50-480D-4CC5-B79F-BF36AF038CE2}
		{EF14809A-C31B-43CC-8BD9-FBA77559C669} = {EF14809A-C31B-43CC-8BD9-FBA77559C669}
		{FA0959E2-A861-4E20-B82A-86E2853864E1} = {FA0959E2-A861-4E20-B82A-86E2853864E1}
	EndProjectSection
EndProject
Global
	GlobalSection(SolutionConfigurationPlatforms) = preSolution
		Debug|x64 = Debug|x64
		Debug|x86 = Debug|x86
		Release|x64 = Release|x64
		Release|x86 = Release|x86
	EndGlobalSection
	GlobalSection(ProjectConfigurationPlatforms) = postSolution
		{126DF224-1BF9-4EEE-A15B-D96E04E2689B}.Debug|x64.ActiveCfg = Debug|x64
		{126DF224-1BF9-4EEE-A15B-D96E04E2689B}.Debug|x64.Build.0 = Debug|x64
		{126DF224-1BF9-4EEE-A15B-D96E04E2689B}.Debug|x86.ActiveCfg = Debug|Win32
		{126DF224-1BF9-4EEE-A15B-D96E04E2689B}.Debug|x86.Build.0 = Debug|Win32
		{126DF224-1BF9-4EEE-A15B-D96E04E2689B}.Release|x64.ActiveCfg = Release|x64
		{126DF224-1BF9-4EEE-A15B-D96E04E2689B}.Release|x64.Build.0 = Release|x64
		{126DF224-1BF9-4EEE-A15B-D96E04E2689B}.Release|x86.ActiveCfg = Release|Win32
		{126DF224-1BF9-4EEE-A15B-D96E04E2689B}.Release|x86.Build.0 = Release|Win32
		{654A0724-41F5-4F2F-AEAF-0E92467A2F54}.Debug|x64.ActiveCfg = Debug|x64
		{654A0724-41F5-4F2F-AEAF-0E92467A2F54}.Debug|x64.Build.0 = Debug|x64
		{654A0724-41F5-4F2F-AEAF-0E92467A2F54}.Debug|x86.ActiveCfg = Debug|Win32
		{654A0724-41F5-4F2F-AEAF-0E92467A2F54}.Debug|x86.Build.0 = Debug|Win32
		{654A0724-41F5-4F2F-AEAF-0E92467A2F54}.Release|x64.ActiveCfg = Release|x64
		{654A0724-41F5-4F2F-AEAF-0E92467A2F54}.Release|x64.Build.0 = Release|x64
		{654A0724-41F5-4F2F-AEAF-0E92467A2F54}.Release|x86.ActiveCfg = Release|Win32
		{654A0724-41F5-4F2F-AEAF-0E92467A2F54}.Release|x86.Build.0 = Release|Win32
		{EF14809A-C31B-43CC-8BD9-FBA77559C669}.Debug|x64.ActiveCfg = Debug|x64
		{EF14809A-C31B-43CC-8BD9-FBA77559C669}.Debug|x64.Build.0 = Debug|x64
		{EF14809A-C31B-43CC-8BD9-FBA77559C669}.Debug|x86.ActiveCfg = Debug|Win32
		{EF14809A-C31B-43CC-8BD9-FBA77559C669}.Debug|x86.Build.0 = Debug|Win32
		{EF14809A-C31B-43CC-8BD9-FBA77559C669}.Release|x64.ActiveCfg = Release|x64
		{EF14809A-C31B-43CC-8BD9-FBA77559C669}.Release|x64.Build.0 = Release|x64
		{EF14809A-C31B-43CC-8BD9-FBA77559C669}.Release|x86.ActiveCfg = Release|Win32
		{EF14809A-C31B-43CC-8BD9-FBA77559C669}.Release|x86.Build.0 = Release|Win32
		{FA0959E2-A861-4E20-B82A-86E2853864E1}.Debug|x64.ActiveCfg = Debug|x64
		{FA0959E2-A861-4E20-B82A-86E2853864E1}.Debug|x64.Build.0 = Debug|x64
		{FA0959E2-A861-4E20-B82A-86E2853864E1}.Debug|x86.ActiveCfg = Debug|Win32
		{FA0959E2-A861-4E20-B82A-86E2853864E1}.Debug|x86.Build.0 = Debug|Win32
		{FA0959E2-A861-4E20-B82A-86E2853864E1}.Release|x64.ActiveCfg = Release|x64
		{FA0959E2-A861-4E20-B82A-86E2853864E1}.Release|x64.Build.0 = Release|x64
		{FA0959E2-A861-4E20-B82A-86E2853864E1}.Release|x86.ActiveCfg = Release|Win32
		{FA0959E2-A861-4E20-B82A-86E2853864E1}.Release|x86.Build.0 = Release|Win32
		{C6AECB50-480D-4CC5-B79F-BF36AF038CE2}.Debug|x64.ActiveCfg = Debug|x64
		{C6AECB50-480D-4CC5-B79F-BF36AF038CE2}.Debug|x64.Build.0 = Debug|x64
		{C6AECB50-480D-4CC5-B79F-BF36AF038CE2}.Debug|x86.ActiveCfg = Debug|Win32
		{C6AECB50-480D-4CC5-B79F-BF36AF038CE2}.Debug|x86.Build.0 = Debug|Win32
		{C6AECB50-480D-4CC5-B79F-BF36AF038CE2}.Release|x64.ActiveCfg = Release|x64
		{C6AECB50-480D-4CC5-B79F-BF36AF038CE2}.Release|x64.Build.0 = Release|x64
		{C6AECB50-480D-4CC5-B79F-BF36AF038CE2}.Release|x86.ActiveCfg = Release|Win32
		{C6AECB50-480D-4CC5-B79F-BF36AF038CE2}.Release|x86.Build.0 = Release|Win32
		{62C14A71-8AE4-42B3-A07C-FD3D6660EF26}.Debug|x64.ActiveCfg = Debug|x64
		{62C14A71-8AE4-42B3-A07C-FD3D6660EF26}.Debug|x64.Build.0 = Debug|x64
		{62C14A71-8AE4-42B3-A07C-FD3D6660EF26}.Debug|x86.ActiveCfg = Debug|Win32
		{62C14A71-8AE4-42B3-A07C-FD3D6660EF26}.Debug|x86.Build.0 = Debug|Win32
		{62C14A71-8AE4-42B3-A07C-FD3D6660EF26}.Release|x64.ActiveCfg = Release|x64
		{62C14A71-8AE4-42B3-A07C-FD3D6660EF26}.Release|x64.Build.0 = Release|x64
		{62C14A71-8AE4-42B3-A07C-FD3D6660EF26}.Release|x86.ActiveCfg = Release|Win32
		{62C14A71-8AE4-42B3-A07C-FD3D6660EF26}.Release|x86.Build.0 = Release|Win32
		{CA4F7AA6-289C-4AB9-9FA0-E697D4036447}.Debug|x64.ActiveCfg = Debug|x64
		{CA4F7AA6-289C-4AB9-9FA0-E697D4036447}.Debug|x64.Build.0 = Debug|x64
		{CA4F7AA6-289C-4AB9-9FA0-E697D4036447}.Debug|x86.ActiveCfg = Debug|Win32
		{CA4F7AA6-289C-4AB9-9FA0-E697D4036447}.Debug|x86.Build.0 = Debug|Win32
		{CA4F7AA6-289C-4AB9-9FA0-E697D4036447}.Release|x64.ActiveCfg = Release|x64
		{CA4F7AA6-289C-4AB9-9FA0-E697D4036447}.Release|x64.Build.0 = Release|x64
		{CA4F7AA6-289C-4AB9-9FA0-E697D4036447}.Release|x86.ActiveCfg = Release|Win32
		{CA4F7AA6-289C-4AB9-9FA0-E697D4036447}.Release|x86.Build.0 = Release|Win32
		{52FC3520-2EA2-4F88-A3CB-220FEB0E414F}.Debug|x64.ActiveCfg = Debug|x64
		{52FC3520-2EA2-4F88-A3CB-220FEB0E414F}.Debug|x64.Build.0 = Debug|x64
		{52FC3520-2EA2-4F88-A3CB-220FEB0E414F}.Debug|x86.ActiveCfg = Debug|Win32
		{52FC3520-2EA2-4F88-A3CB-220FEB0E414F}.Debug|x86.Build.0 = Debug|Win32
		{52FC3520-2EA2-4F88-A3CB-220FEB0E414F}.Release|x64.ActiveCfg = Release|x64
		{52FC3520-2EA2-4F88-A3CB-220FEB0E414F}.Release|x64.Build.0 = Release|x64
		{52FC3520-2EA2-4F88-A3CB-220FEB0E414F}.Release|x86.ActiveCfg = Release|Win32
		{52FC3520-2EA2-4F88-A3CB-220FEB0E414F}.Release|x86.Build.0 = Release|Win32
		{B76BD883-F2B7-4B2C-B718-F39E92F04D06}.Debug|x64.ActiveCfg = Debug|x64
		{B76BD883-F2B7-4B2C-B718-F39E92F04D06}.Debug|x64.Build.0 = Debug|x64
		{B76BD883-F2B7-4B2C-B718-F39E92F04D06}.Debug|x86.ActiveCfg = Debug|Win32
		{B76BD883-F2B7-4B2C-B718-F39E92F04D06}.Debug|x86.Build.0 = Debug|Win32
		{B76BD883-F2B7-4B2C-B718-F39E92F04D06}.Release|x64.ActiveCfg = Release|x64
		{B76BD883-F2B7-4B2C-B718-F39E92F04D06}.Release|x64.Build.0 = Release|x64
		{B76BD883-F2B7-4B2C-B718-F39E92F04D06}.Release|x86.ActiveCfg = Release|Win32
		{B76BD883-F2B7-4B2C-B718-F39E92F04D06}.Release|x86.Build.0 = Release|Win32
	EndGlobalSection
	GlobalSection(SolutionProperties) = preSolution
		HideSolutionNode = FALSE
	EndGlobalSection
	GlobalSection(ExtensibilityGlobals) = postSolution
		SolutionGuid = {D133D8A6-0556-410C-B812-89B10B0425A2}
	EndGlobalSection
EndGlobal
